# generated by rye
# use `rye lock` or `rye sync` to update this lockfile
#
# last locked with the following flags:
#   pre: false
#   features: []
#   all-features: false
#   with-sources: false
#   generate-hashes: false
#   universal: false

-e file:.
argon2-cffi==23.1.0
    # via zara
argon2-cffi-bindings==21.2.0
    # via argon2-cffi
    # via zara
asyncpg==0.29.0
    # via zara
cffi==1.16.0
    # via argon2-cffi-bindings
    # via zara
click==8.1.7
    # via uvicorn
    # via zara
h11==0.14.0
    # via uvicorn
orjson==3.10.6
    # via zara
pycparser==2.22
    # via cffi
uvicorn==0.30.4
    # via zara
