# generated by rye
# use `rye lock` or `rye sync` to update this lockfile
#
# last locked with the following flags:
#   pre: false
#   features: []
#   all-features: false
#   with-sources: false
#   generate-hashes: false
#   universal: false

-e file:.
argon2-cffi==23.1.0
    # via zara
argon2-cffi-bindings==21.2.0
    # via argon2-cffi
    # via zara
asyncpg==0.29.0
    # via zara
cffi==1.16.0
    # via argon2-cffi-bindings
    # via zara
click==8.1.7
    # via uvicorn
    # via zara
greenlet==3.0.3
    # via sqlalchemy
h11==0.14.0
    # via uvicorn
iniconfig==2.0.0
    # via pytest
nodeenv==1.9.1
    # via pyright
orjson==3.10.7
    # via zara
packaging==24.1
    # via pytest
pluggy==1.5.0
    # via pytest
pycparser==2.22
    # via cffi
pyflakes==3.2.0
pyright==1.1.374
pytest==8.3.2
ruff==0.5.5
sqlalchemy==2.0.31
    # via zara
typing-extensions==4.12.2
    # via sqlalchemy
uvicorn==0.30.6
    # via zara
